// !$*UTF8*$!
{
	archiveVersion = 1;
	classes = {
	};
	objectVersion = 50;
	objects = {

/* Begin PBXBuildFile section */
		2E38065F23C2884400C0E9DD /* AppDelegate.swift in Sources */ = {isa = PBXBuildFile; fileRef = 2E38065E23C2884400C0E9DD /* AppDelegate.swift */; };
		2E38066123C2884400C0E9DD /* SceneDelegate.swift in Sources */ = {isa = PBXBuildFile; fileRef = 2E38066023C2884400C0E9DD /* SceneDelegate.swift */; };
		2E38066323C2884400C0E9DD /* ViewController.swift in Sources */ = {isa = PBXBuildFile; fileRef = 2E38066223C2884400C0E9DD /* ViewController.swift */; };
		2E38066623C2884400C0E9DD /* Main.storyboard in Resources */ = {isa = PBXBuildFile; fileRef = 2E38066423C2884400C0E9DD /* Main.storyboard */; };
		2E38066823C2884700C0E9DD /* Assets.xcassets in Resources */ = {isa = PBXBuildFile; fileRef = 2E38066723C2884700C0E9DD /* Assets.xcassets */; };
		2E38066B23C2884700C0E9DD /* LaunchScreen.storyboard in Resources */ = {isa = PBXBuildFile; fileRef = 2E38066923C2884700C0E9DD /* LaunchScreen.storyboard */; };
		2E38067523C2889400C0E9DD /* SecondViewController.storyboard in Resources */ = {isa = PBXBuildFile; fileRef = 2E38067423C2889400C0E9DD /* SecondViewController.storyboard */; };
		2E38067723C288A300C0E9DD /* SecondViewController.swift in Sources */ = {isa = PBXBuildFile; fileRef = 2E38067623C288A300C0E9DD /* SecondViewController.swift */; };
		2E38067923C28A8900C0E9DD /* extension+UIViewController.swift in Sources */ = {isa = PBXBuildFile; fileRef = 2E38067823C28A8900C0E9DD /* extension+UIViewController.swift */; };
		2E38067C23C2A21B00C0E9DD /* VideoView.swift in Sources */ = {isa = PBXBuildFile; fileRef = 2E38067B23C2A21B00C0E9DD /* VideoView.swift */; };
		2E38067F23C2A9F600C0E9DD /* VideoLauncher.swift in Sources */ = {isa = PBXBuildFile; fileRef = 2E38067E23C2A9F600C0E9DD /* VideoLauncher.swift */; };
/* End PBXBuildFile section */

/* Begin PBXFileReference section */
		2E38065B23C2884400C0E9DD /* PlayVideoYoutube.app */ = {isa = PBXFileReference; explicitFileType = wrapper.application; includeInIndex = 0; path = PlayVideoYoutube.app; sourceTree = BUILT_PRODUCTS_DIR; };
		2E38065E23C2884400C0E9DD /* AppDelegate.swift */ = {isa = PBXFileReference; lastKnownFileType = sourcecode.swift; path = AppDelegate.swift; sourceTree = "<group>"; };
		2E38066023C2884400C0E9DD /* SceneDelegate.swift */ = {isa = PBXFileReference; lastKnownFileType = sourcecode.swift; path = SceneDelegate.swift; sourceTree = "<group>"; };
		2E38066223C2884400C0E9DD /* ViewController.swift */ = {isa = PBXFileReference; lastKnownFileType = sourcecode.swift; path = ViewController.swift; sourceTree = "<group>"; };
		2E38066523C2884400C0E9DD /* Base */ = {isa = PBXFileReference; lastKnownFileType = file.storyboard; name = Base; path = Base.lproj/Main.storyboard; sourceTree = "<group>"; };
		2E38066723C2884700C0E9DD /* Assets.xcassets */ = {isa = PBXFileReference; lastKnownFileType = folder.assetcatalog; path = Assets.xcassets; sourceTree = "<group>"; };
		2E38066A23C2884700C0E9DD /* Base */ = {isa = PBXFileReference; lastKnownFileType = file.storyboard; name = Base; path = Base.lproj/LaunchScreen.storyboard; sourceTree = "<group>"; };
		2E38066C23C2884700C0E9DD /* Info.plist */ = {isa = PBXFileReference; lastKnownFileType = text.plist.xml; path = Info.plist; sourceTree = "<group>"; };
		2E38067423C2889400C0E9DD /* SecondViewController.storyboard */ = {isa = PBXFileReference; lastKnownFileType = file.storyboard; path = SecondViewController.storyboard; sourceTree = "<group>"; };
		2E38067623C288A300C0E9DD /* SecondViewController.swift */ = {isa = PBXFileReference; lastKnownFileType = sourcecode.swift; path = SecondViewController.swift; sourceTree = "<group>"; };
		2E38067823C28A8900C0E9DD /* extension+UIViewController.swift */ = {isa = PBXFileReference; lastKnownFileType = sourcecode.swift; path = "extension+UIViewController.swift"; sourceTree = "<group>"; };
		2E38067B23C2A21B00C0E9DD /* VideoView.swift */ = {isa = PBXFileReference; lastKnownFileType = sourcecode.swift; path = VideoView.swift; sourceTree = "<group>"; };
		2E38067E23C2A9F600C0E9DD /* VideoLauncher.swift */ = {isa = PBXFileReference; lastKnownFileType = sourcecode.swift; path = VideoLauncher.swift; sourceTree = "<group>"; };
/* End PBXFileReference section */

/* Begin PBXFrameworksBuildPhase section */
		2E38065823C2884400C0E9DD /* Frameworks */ = {
			isa = PBXFrameworksBuildPhase;
			buildActionMask = 2147483647;
			files = (
			);
			runOnlyForDeploymentPostprocessing = 0;
		};
/* End PBXFrameworksBuildPhase section */

/* Begin PBXGroup section */
		2E38065223C2884400C0E9DD = {
			isa = PBXGroup;
			children = (
				2E38065D23C2884400C0E9DD /* PlayVideoYoutube */,
				2E38065C23C2884400C0E9DD /* Products */,
			);
			sourceTree = "<group>";
		};
		2E38065C23C2884400C0E9DD /* Products */ = {
			isa = PBXGroup;
			children = (
				2E38065B23C2884400C0E9DD /* PlayVideoYoutube.app */,
			);
			name = Products;
			sourceTree = "<group>";
		};
		2E38065D23C2884400C0E9DD /* PlayVideoYoutube */ = {
			isa = PBXGroup;
			children = (
				2E38067D23C2A6AA00C0E9DD /* VideoView */,
				2E38067A23C28A9000C0E9DD /* Extension */,
				2E38067323C2887E00C0E9DD /* SecondViewController */,
				2E38067223C2886600C0E9DD /* MainViewController */,
				2E38065E23C2884400C0E9DD /* AppDelegate.swift */,
				2E38066023C2884400C0E9DD /* SceneDelegate.swift */,
				2E38066723C2884700C0E9DD /* Assets.xcassets */,
				2E38066923C2884700C0E9DD /* LaunchScreen.storyboard */,
				2E38066C23C2884700C0E9DD /* Info.plist */,
			);
			path = PlayVideoYoutube;
			sourceTree = "<group>";
		};
		2E38067223C2886600C0E9DD /* MainViewController */ = {
			isa = PBXGroup;
			children = (
				2E38066223C2884400C0E9DD /* ViewController.swift */,
				2E38066423C2884400C0E9DD /* Main.storyboard */,
			);
			path = MainViewController;
			sourceTree = "<group>";
		};
		2E38067323C2887E00C0E9DD /* SecondViewController */ = {
			isa = PBXGroup;
			children = (
				2E38067423C2889400C0E9DD /* SecondViewController.storyboard */,
				2E38067623C288A300C0E9DD /* SecondViewController.swift */,
			);
			path = SecondViewController;
			sourceTree = "<group>";
		};
		2E38067A23C28A9000C0E9DD /* Extension */ = {
			isa = PBXGroup;
			children = (
				2E38067823C28A8900C0E9DD /* extension+UIViewController.swift */,
			);
			path = Extension;
			sourceTree = "<group>";
		};
		2E38067D23C2A6AA00C0E9DD /* VideoView */ = {
			isa = PBXGroup;
			children = (
				2E38067B23C2A21B00C0E9DD /* VideoView.swift */,
				2E38067E23C2A9F600C0E9DD /* VideoLauncher.swift */,
			);
			path = VideoView;
			sourceTree = "<group>";
		};
/* End PBXGroup section */

/* Begin PBXNativeTarget section */
		2E38065A23C2884400C0E9DD /* PlayVideoYoutube */ = {
			isa = PBXNativeTarget;
			buildConfigurationList = 2E38066F23C2884700C0E9DD /* Build configuration list for PBXNativeTarget "PlayVideoYoutube" */;
			buildPhases = (
				2E38065723C2884400C0E9DD /* Sources */,
				2E38065823C2884400C0E9DD /* Frameworks */,
				2E38065923C2884400C0E9DD /* Resources */,
			);
			buildRules = (
			);
			dependencies = (
			);
			name = PlayVideoYoutube;
			productName = PlayVideoYoutube;
			productReference = 2E38065B23C2884400C0E9DD /* PlayVideoYoutube.app */;
			productType = "com.apple.product-type.application";
		};
/* End PBXNativeTarget section */

/* Begin PBXProject section */
		2E38065323C2884400C0E9DD /* Project object */ = {
			isa = PBXProject;
			attributes = {
				LastSwiftUpdateCheck = 1130;
				LastUpgradeCheck = 1130;
				ORGANIZATIONNAME = "cristian ayala";
				TargetAttributes = {
					2E38065A23C2884400C0E9DD = {
						CreatedOnToolsVersion = 11.3;
					};
				};
			};
			buildConfigurationList = 2E38065623C2884400C0E9DD /* Build configuration list for PBXProject "PlayVideoYoutube" */;
			compatibilityVersion = "Xcode 9.3";
			developmentRegion = en;
			hasScannedForEncodings = 0;
			knownRegions = (
				en,
				Base,
			);
			mainGroup = 2E38065223C2884400C0E9DD;
			productRefGroup = 2E38065C23C2884400C0E9DD /* Products */;
			projectDirPath = "";
			projectRoot = "";
			targets = (
				2E38065A23C2884400C0E9DD /* PlayVideoYoutube */,
			);
		};
/* End PBXProject section */

/* Begin PBXResourcesBuildPhase section */
		2E38065923C2884400C0E9DD /* Resources */ = {
			isa = PBXResourcesBuildPhase;
			buildActionMask = 2147483647;
			files = (
				2E38066B23C2884700C0E9DD /* LaunchScreen.storyboard in Resources */,
				2E38067523C2889400C0E9DD /* SecondViewController.storyboard in Resources */,
				2E38066823C2884700C0E9DD /* Assets.xcassets in Resources */,
				2E38066623C2884400C0E9DD /* Main.storyboard in Resources */,
			);
			runOnlyForDeploymentPostprocessing = 0;
		};
/* End PBXResourcesBuildPhase section */

/* Begin PBXSourcesBuildPhase section */
		2E38065723C2884400C0E9DD /* Sources */ = {
			isa = PBXSourcesBuildPhase;
			buildActionMask = 2147483647;
			files = (
				2E38067C23C2A21B00C0E9DD /* VideoView.swift in Sources */,
				2E38067923C28A8900C0E9DD /* extension+UIViewController.swift in Sources */,
				2E38067723C288A300C0E9DD /* SecondViewController.swift in Sources */,
				2E38067F23C2A9F600C0E9DD /* VideoLauncher.swift in Sources */,
				2E38066323C2884400C0E9DD /* ViewController.swift in Sources */,
				2E38065F23C2884400C0E9DD /* AppDelegate.swift in Sources */,
				2E38066123C2884400C0E9DD /* SceneDelegate.swift in Sources */,
			);
			runOnlyForDeploymentPostprocessing = 0;
		};
/* End PBXSourcesBuildPhase section */

/* Begin PBXVariantGroup section */
		2E38066423C2884400C0E9DD /* Main.storyboard */ = {
			isa = PBXVariantGroup;
			children = (
				2E38066523C2884400C0E9DD /* Base */,
			);
			name = Main.storyboard;
			sourceTree = "<group>";
		};
		2E38066923C2884700C0E9DD /* LaunchScreen.storyboard */ = {
			isa = PBXVariantGroup;
			children = (
				2E38066A23C2884700C0E9DD /* Base */,
			);
			name = LaunchScreen.storyboard;
			sourceTree = "<group>";
		};
/* End PBXVariantGroup section */

/* Begin XCBuildConfiguration section */
		2E38066D23C2884700C0E9DD /* Debug */ = {
			isa = XCBuildConfiguration;
			buildSettings = {
				ALWAYS_SEARCH_USER_PATHS = NO;
				CLANG_ANALYZER_NONNULL = YES;
				CLANG_ANALYZER_NUMBER_OBJECT_CONVERSION = YES_AGGRESSIVE;
				CLANG_CXX_LANGUAGE_STANDARD = "gnu++14";
				CLANG_CXX_LIBRARY = "libc++";
				CLANG_ENABLE_MODULES = YES;
				CLANG_ENABLE_OBJC_ARC = YES;
				CLANG_ENABLE_OBJC_WEAK = YES;
				CLANG_WARN_BLOCK_CAPTURE_AUTORELEASING = YES;
				CLANG_WARN_BOOL_CONVERSION = YES;
				CLANG_WARN_COMMA = YES;
				CLANG_WARN_CONSTANT_CONVERSION = YES;
				CLANG_WARN_DEPRECATED_OBJC_IMPLEMENTATIONS = YES;
				CLANG_WARN_DIRECT_OBJC_ISA_USAGE = YES_ERROR;
				CLANG_WARN_DOCUMENTATION_COMMENTS = YES;
				CLANG_WARN_EMPTY_BODY = YES;
				CLANG_WARN_ENUM_CONVERSION = YES;
				CLANG_WARN_INFINITE_RECURSION = YES;
				CLANG_WARN_INT_CONVERSION = YES;
				CLANG_WARN_NON_LITERAL_NULL_CONVERSION = YES;
				CLANG_WARN_OBJC_IMPLICIT_RETAIN_SELF = YES;
				CLANG_WARN_OBJC_LITERAL_CONVERSION = YES;
				CLANG_WARN_OBJC_ROOT_CLASS = YES_ERROR;
				CLANG_WARN_RANGE_LOOP_ANALYSIS = YES;
				CLANG_WARN_STRICT_PROTOTYPES = YES;
				CLANG_WARN_SUSPICIOUS_MOVE = YES;
				CLANG_WARN_UNGUARDED_AVAILABILITY = YES_AGGRESSIVE;
				CLANG_WARN_UNREACHABLE_CODE = YES;
				CLANG_WARN__DUPLICATE_METHOD_MATCH = YES;
				COPY_PHASE_STRIP = NO;
				DEBUG_INFORMATION_FORMAT = dwarf;
				ENABLE_STRICT_OBJC_MSGSEND = YES;
				ENABLE_TESTABILITY = YES;
				GCC_C_LANGUAGE_STANDARD = gnu11;
				GCC_DYNAMIC_NO_PIC = NO;
				GCC_NO_COMMON_BLOCKS = YES;
				GCC_OPTIMIZATION_LEVEL = 0;
				GCC_PREPROCESSOR_DEFINITIONS = (
					"DEBUG=1",
					"$(inherited)",
				);
				GCC_WARN_64_TO_32_BIT_CONVERSION = YES;
				GCC_WARN_ABOUT_RETURN_TYPE = YES_ERROR;
				GCC_WARN_UNDECLARED_SELECTOR = YES;
				GCC_WARN_UNINITIALIZED_AUTOS = YES_AGGRESSIVE;
				GCC_WARN_UNUSED_FUNCTION = YES;
				GCC_WARN_UNUSED_VARIABLE = YES;
				IPHONEOS_DEPLOYMENT_TARGET = 13.2;
				MTL_ENABLE_DEBUG_INFO = INCLUDE_SOURCE;
				MTL_FAST_MATH = YES;
				ONLY_ACTIVE_ARCH = YES;
				SDKROOT = iphoneos;
				SWIFT_ACTIVE_COMPILATION_CONDITIONS = DEBUG;
				SWIFT_OPTIMIZATION_LEVEL = "-Onone";
			};
			name = Debug;
		};
		2E38066E23C2884700C0E9DD /* Release */ = {
			isa = XCBuildConfiguration;
			buildSettings = {
				ALWAYS_SEARCH_USER_PATHS = NO;
				CLANG_ANALYZER_NONNULL = YES;
				CLANG_ANALYZER_NUMBER_OBJECT_CONVERSION = YES_AGGRESSIVE;
				CLANG_CXX_LANGUAGE_STANDARD = "gnu++14";
				CLANG_CXX_LIBRARY = "libc++";
				CLANG_ENABLE_MODULES = YES;
				CLANG_ENABLE_OBJC_ARC = YES;
				CLANG_ENABLE_OBJC_WEAK = YES;
				CLANG_WARN_BLOCK_CAPTURE_AUTORELEASING = YES;
				CLANG_WARN_BOOL_CONVERSION = YES;
				CLANG_WARN_COMMA = YES;
				CLANG_WARN_CONSTANT_CONVERSION = YES;
				CLANG_WARN_DEPRECATED_OBJC_IMPLEMENTATIONS = YES;
				CLANG_WARN_DIRECT_OBJC_ISA_USAGE = YES_ERROR;
				CLANG_WARN_DOCUMENTATION_COMMENTS = YES;
				CLANG_WARN_EMPTY_BODY = YES;
				CLANG_WARN_ENUM_CONVERSION = YES;
				CLANG_WARN_INFINITE_RECURSION = YES;
				CLANG_WARN_INT_CONVERSION = YES;
				CLANG_WARN_NON_LITERAL_NULL_CONVERSION = YES;
				CLANG_WARN_OBJC_IMPLICIT_RETAIN_SELF = YES;
				CLANG_WARN_OBJC_LITERAL_CONVERSION = YES;
				CLANG_WARN_OBJC_ROOT_CLASS = YES_ERROR;
				CLANG_WARN_RANGE_LOOP_ANALYSIS = YES;
				CLANG_WARN_STRICT_PROTOTYPES = YES;
				CLANG_WARN_SUSPICIOUS_MOVE = YES;
				CLANG_WARN_UNGUARDED_AVAILABILITY = YES_AGGRESSIVE;
				CLANG_WARN_UNREACHABLE_CODE = YES;
				CLANG_WARN__DUPLICATE_METHOD_MATCH = YES;
				COPY_PHASE_STRIP = NO;
				DEBUG_INFORMATION_FORMAT = "dwarf-with-dsym";
				ENABLE_NS_ASSERTIONS = NO;
				ENABLE_STRICT_OBJC_MSGSEND = YES;
				GCC_C_LANGUAGE_STANDARD = gnu11;
				GCC_NO_COMMON_BLOCKS = YES;
				GCC_WARN_64_TO_32_BIT_CONVERSION = YES;
				GCC_WARN_ABOUT_RETURN_TYPE = YES_ERROR;
				GCC_WARN_UNDECLARED_SELECTOR = YES;
				GCC_WARN_UNINITIALIZED_AUTOS = YES_AGGRESSIVE;
				GCC_WARN_UNUSED_FUNCTION = YES;
				GCC_WARN_UNUSED_VARIABLE = YES;
				IPHONEOS_DEPLOYMENT_TARGET = 13.2;
				MTL_ENABLE_DEBUG_INFO = NO;
				MTL_FAST_MATH = YES;
				SDKROOT = iphoneos;
				SWIFT_COMPILATION_MODE = wholemodule;
				SWIFT_OPTIMIZATION_LEVEL = "-O";
				VALIDATE_PRODUCT = YES;
			};
			name = Release;
		};
		2E38067023C2884700C0E9DD /* Debug */ = {
			isa = XCBuildConfiguration;
			buildSettings = {
				ASSETCATALOG_COMPILER_APPICON_NAME = AppIcon;
				CODE_SIGN_STYLE = Automatic;
				DEVELOPMENT_TEAM = H3H95D45CM;
				INFOPLIST_FILE = PlayVideoYoutube/Info.plist;
				LD_RUNPATH_SEARCH_PATHS = (
					"$(inherited)",
					"@executable_path/Frameworks",
				);
				PRODUCT_BUNDLE_IDENTIFIER = telco.PlayVideoYoutube;
				PRODUCT_NAME = "$(TARGET_NAME)";
				SWIFT_VERSION = 5.0;
				TARGETED_DEVICE_FAMILY = "1,2";
			};
			name = Debug;
		};
		2E38067123C2884700C0E9DD /* Release */ = {
			isa = XCBuildConfiguration;
			buildSettings = {
				ASSETCATALOG_COMPILER_APPICON_NAME = AppIcon;
				CODE_SIGN_STYLE = Automatic;
				DEVELOPMENT_TEAM = H3H95D45CM;
				INFOPLIST_FILE = PlayVideoYoutube/Info.plist;
				LD_RUNPATH_SEARCH_PATHS = (
					"$(inherited)",
					"@executable_path/Frameworks",
				);
				PRODUCT_BUNDLE_IDENTIFIER = telco.PlayVideoYoutube;
				PRODUCT_NAME = "$(TARGET_NAME)";
				SWIFT_VERSION = 5.0;
				TARGETED_DEVICE_FAMILY = "1,2";
			};
			name = Release;
		};
/* End XCBuildConfiguration section */

/* Begin XCConfigurationList section */
		2E38065623C2884400C0E9DD /* Build configuration list for PBXProject "PlayVideoYoutube" */ = {
			isa = XCConfigurationList;
			buildConfigurations = (
				2E38066D23C2884700C0E9DD /* Debug */,
				2E38066E23C2884700C0E9DD /* Release */,
			);
			defaultConfigurationIsVisible = 0;
			defaultConfigurationName = Release;
		};
		2E38066F23C2884700C0E9DD /* Build configuration list for PBXNativeTarget "PlayVideoYoutube" */ = {
			isa = XCConfigurationList;
			buildConfigurations = (
				2E38067023C2884700C0E9DD /* Debug */,
				2E38067123C2884700C0E9DD /* Release */,
			);
			defaultConfigurationIsVisible = 0;
			defaultConfigurationName = Release;
		};
/* End XCConfigurationList section */
	};
	rootObject = 2E38065323C2884400C0E9DD /* Project object */;
}
